
Microsoft Visual Studio Solution File, Format Version 12.00
# Visual Studio 14
VisualStudioVersion = 14.0.25420.1
MinimumVisualStudioVersion = 10.0.40219.1
Project("{FAE04EC0-301F-11D3-BF4B-00C04F79EFBC}") = "FRM_Lavacar", "FRM_Login\FRM_Lavacar.csproj", "{52A20C9B-C201-4D3A-BEA9-568D3636471F}"
EndProject
Project("{2150E333-8FDC-42A3-9474-1A3956D46DE8}") = "PL", "PL", "{711E95AC-31CF-421B-9DA9-2731A6163B07}"
EndProject
Project("{2150E333-8FDC-42A3-9474-1A3956D46DE8}") = "Pantallas", "Pantallas", "{928834AE-C122-4BBD-9830-502FF0C50299}"
EndProject
Global
	GlobalSection(SolutionConfigurationPlatforms) = preSolution
		Debug|Any CPU = Debug|Any CPU
		Release|Any CPU = Release|Any CPU
	EndGlobalSection
	GlobalSection(ProjectConfigurationPlatforms) = postSolution
		{52A20C9B-C201-4D3A-BEA9-568D3636471F}.Debug|Any CPU.ActiveCfg = Debug|Any CPU
		{52A20C9B-C201-4D3A-BEA9-568D3636471F}.Debug|Any CPU.Build.0 = Debug|Any CPU
		{52A20C9B-C201-4D3A-BEA9-568D3636471F}.Release|Any CPU.ActiveCfg = Release|Any CPU
		{52A20C9B-C201-4D3A-BEA9-568D3636471F}.Release|Any CPU.Build.0 = Release|Any CPU
	EndGlobalSection
	GlobalSection(SolutionProperties) = preSolution
		HideSolutionNode = FALSE
	EndGlobalSection
	GlobalSection(NestedProjects) = preSolution
		{52A20C9B-C201-4D3A-BEA9-568D3636471F} = {928834AE-C122-4BBD-9830-502FF0C50299}
		{928834AE-C122-4BBD-9830-502FF0C50299} = {711E95AC-31CF-421B-9DA9-2731A6163B07}
	EndGlobalSection
EndGlobal
